
Microsoft Visual Studio Solution File, Format Version 12.00
# Visual Studio 15
VisualStudioVersion = 15.0.27428.2027
MinimumVisualStudioVersion = 10.0.40219.1
Project("{FAE04EC0-301F-11D3-BF4B-00C04F79EFBC}") = "MySeek.Server", "MySeek.Server\MySeek.Server.csproj", "{36AE2E55-D998-4564-AF02-68E104417D45}"
EndProject
Project("{FAE04EC0-301F-11D3-BF4B-00C04F79EFBC}") = "MySeek.Server.Tests", "MySeek.Server.Tests\MySeek.Server.Tests.csproj", "{FA2C443C-7AC4-41EE-9853-D683485254FF}"
EndProject
Global
	GlobalSection(SolutionConfigurationPlatforms) = preSolution
		Debug|Any CPU = Debug|Any CPU
		Release|Any CPU = Release|Any CPU
	EndGlobalSection
	GlobalSection(ProjectConfigurationPlatforms) = postSolution
		{36AE2E55-D998-4564-AF02-68E104417D45}.Debug|Any CPU.ActiveCfg = Debug|Any CPU
		{36AE2E55-D998-4564-AF02-68E104417D45}.Debug|Any CPU.Build.0 = Debug|Any CPU
		{36AE2E55-D998-4564-AF02-68E104417D45}.Release|Any CPU.ActiveCfg = Release|Any CPU
		{36AE2E55-D998-4564-AF02-68E104417D45}.Release|Any CPU.Build.0 = Release|Any CPU
		{FA2C443C-7AC4-41EE-9853-D683485254FF}.Debug|Any CPU.ActiveCfg = Debug|Any CPU
		{FA2C443C-7AC4-41EE-9853-D683485254FF}.Debug|Any CPU.Build.0 = Debug|Any CPU
		{FA2C443C-7AC4-41EE-9853-D683485254FF}.Release|Any CPU.ActiveCfg = Release|Any CPU
		{FA2C443C-7AC4-41EE-9853-D683485254FF}.Release|Any CPU.Build.0 = Release|Any CPU
	EndGlobalSection
	GlobalSection(SolutionProperties) = preSolution
		HideSolutionNode = FALSE
	EndGlobalSection
	GlobalSection(ExtensibilityGlobals) = postSolution
		SolutionGuid = {6082D5CB-5966-498D-B6FF-F5E5FF600304}
	EndGlobalSection
EndGlobal
